
Microsoft Visual Studio Solution File, Format Version 12.00
# Visual Studio 15
VisualStudioVersion = 15.0.27703.2026
MinimumVisualStudioVersion = 10.0.40219.1
Project("{FAE04EC0-301F-11D3-BF4B-00C04F79EFBC}") = "Ambilight", "Ambilight\Ambilight.csproj", "{3705D85C-E977-4912-A3F4-54D09EB45EFC}"
EndProject
Global
	GlobalSection(SolutionConfigurationPlatforms) = preSolution
		Debug|Any CPU = Debug|Any CPU
		Release|Any CPU = Release|Any CPU
	EndGlobalSection
	GlobalSection(ProjectConfigurationPlatforms) = postSolution
		{3705D85C-E977-4912-A3F4-54D09EB45EFC}.Debug|Any CPU.ActiveCfg = Debug|Any CPU
		{3705D85C-E977-4912-A3F4-54D09EB45EFC}.Debug|Any CPU.Build.0 = Debug|Any CPU
		{3705D85C-E977-4912-A3F4-54D09EB45EFC}.Release|Any CPU.ActiveCfg = Release|Any CPU
		{3705D85C-E977-4912-A3F4-54D09EB45EFC}.Release|Any CPU.Build.0 = Release|Any CPU
	EndGlobalSection
	GlobalSection(SolutionProperties) = preSolution
		HideSolutionNode = FALSE
	EndGlobalSection
	GlobalSection(ExtensibilityGlobals) = postSolution
		SolutionGuid = {02C26A43-6ED2-4014-8FF8-6395B731608C}
	EndGlobalSection
EndGlobal
