
Microsoft Visual Studio Solution File, Format Version 12.00
# Visual Studio 15
VisualStudioVersion = 15.0.27703.2026
MinimumVisualStudioVersion = 10.0.40219.1
Project("{FAE04EC0-301F-11D3-BF4B-00C04F79EFBC}") = "Ambilight", "Ambilight\Ambilight.csproj", "{3705D85C-E977-4912-A3F4-54D09EB45EFC}"
EndProject
Project("{54435603-DBB4-11D2-8724-00A0C9A8B90C}") = "Setup", "Setup\Setup.vdproj", "{6FAABF1E-CBB1-41B4-A567-365415CD2413}"
EndProject
Project("{54435603-DBB4-11D2-8724-00A0C9A8B90C}") = "Setup1", "Setup1\Setup1.vdproj", "{7DC7CEC8-6366-4A0D-B120-50779DB3D5C0}"
EndProject
Global
	GlobalSection(SolutionConfigurationPlatforms) = preSolution
		Debug|Any CPU = Debug|Any CPU
		Release|Any CPU = Release|Any CPU
	EndGlobalSection
	GlobalSection(ProjectConfigurationPlatforms) = postSolution
		{3705D85C-E977-4912-A3F4-54D09EB45EFC}.Debug|Any CPU.ActiveCfg = Debug|Any CPU
		{3705D85C-E977-4912-A3F4-54D09EB45EFC}.Debug|Any CPU.Build.0 = Debug|Any CPU
		{3705D85C-E977-4912-A3F4-54D09EB45EFC}.Release|Any CPU.ActiveCfg = Release|Any CPU
		{3705D85C-E977-4912-A3F4-54D09EB45EFC}.Release|Any CPU.Build.0 = Release|Any CPU
		{6FAABF1E-CBB1-41B4-A567-365415CD2413}.Debug|Any CPU.ActiveCfg = Debug
		{6FAABF1E-CBB1-41B4-A567-365415CD2413}.Release|Any CPU.ActiveCfg = Release
		{7DC7CEC8-6366-4A0D-B120-50779DB3D5C0}.Debug|Any CPU.ActiveCfg = Debug
		{7DC7CEC8-6366-4A0D-B120-50779DB3D5C0}.Release|Any CPU.ActiveCfg = Release
	EndGlobalSection
	GlobalSection(SolutionProperties) = preSolution
		HideSolutionNode = FALSE
	EndGlobalSection
	GlobalSection(ExtensibilityGlobals) = postSolution
		SolutionGuid = {02C26A43-6ED2-4014-8FF8-6395B731608C}
	EndGlobalSection
	GlobalSection(SolutionConfigurationPlatforms) = preSolution
		Debug|Any CPU = Debug|Any CPU
		Release|Any CPU = Release|Any CPU
	EndGlobalSection
EndGlobal
